
Microsoft Visual Studio Solution File, Format Version 12.00
# Visual Studio 15
VisualStudioVersion = 15.0.26124.0
MinimumVisualStudioVersion = 15.0.26124.0
Project("{FAE04EC0-301F-11D3-BF4B-00C04F79EFBC}") = "ProjectApp.API", "ProjectApp.API\ProjectApp.API.csproj", "{6CBAAA64-6F02-4520-AF48-142CF22D69F2}"
EndProject
Project("{FAE04EC0-301F-11D3-BF4B-00C04F79EFBC}") = "ProjectApp.Service", "ProjectApp.Service\ProjectApp.Service.csproj", "{C68836B7-B1D1-45DA-9834-BB2DA9202E2B}"
EndProject
Project("{FAE04EC0-301F-11D3-BF4B-00C04F79EFBC}") = "ProjectApp.Data", "ProjectApp.Data\ProjectApp.Data.csproj", "{CBD152A6-C166-4F81-9DC2-CEA140519343}"
EndProject
Project("{FAE04EC0-301F-11D3-BF4B-00C04F79EFBC}") = "ProjectApp.Common", "ProjectApp.Common\ProjectApp.Common.csproj", "{18CA00BE-4EF3-4BA1-8E91-A2D557987491}"
EndProject
Project("{FAE04EC0-301F-11D3-BF4B-00C04F79EFBC}") = "ProjectApp.Interface", "ProjectApp.Interface\ProjectApp.Interface.csproj", "{1BEF7530-058A-4BF7-B65A-49AAD10A60D8}"
EndProject
Project("{FAE04EC0-301F-11D3-BF4B-00C04F79EFBC}") = "ProjectApp.Model", "ProjectApp.Model\ProjectApp.Model.csproj", "{20CE3A2D-5626-4BC2-B90D-9F0AF9886654}"
EndProject
Global
	GlobalSection(SolutionConfigurationPlatforms) = preSolution
		Debug|Any CPU = Debug|Any CPU
		Debug|x64 = Debug|x64
		Debug|x86 = Debug|x86
		Release|Any CPU = Release|Any CPU
		Release|x64 = Release|x64
		Release|x86 = Release|x86
	EndGlobalSection
	GlobalSection(SolutionProperties) = preSolution
		HideSolutionNode = FALSE
	EndGlobalSection
	GlobalSection(ProjectConfigurationPlatforms) = postSolution
		{6CBAAA64-6F02-4520-AF48-142CF22D69F2}.Debug|Any CPU.ActiveCfg = Debug|Any CPU
		{6CBAAA64-6F02-4520-AF48-142CF22D69F2}.Debug|Any CPU.Build.0 = Debug|Any CPU
		{6CBAAA64-6F02-4520-AF48-142CF22D69F2}.Debug|x64.ActiveCfg = Debug|Any CPU
		{6CBAAA64-6F02-4520-AF48-142CF22D69F2}.Debug|x64.Build.0 = Debug|Any CPU
		{6CBAAA64-6F02-4520-AF48-142CF22D69F2}.Debug|x86.ActiveCfg = Debug|Any CPU
		{6CBAAA64-6F02-4520-AF48-142CF22D69F2}.Debug|x86.Build.0 = Debug|Any CPU
		{6CBAAA64-6F02-4520-AF48-142CF22D69F2}.Release|Any CPU.ActiveCfg = Release|Any CPU
		{6CBAAA64-6F02-4520-AF48-142CF22D69F2}.Release|Any CPU.Build.0 = Release|Any CPU
		{6CBAAA64-6F02-4520-AF48-142CF22D69F2}.Release|x64.ActiveCfg = Release|Any CPU
		{6CBAAA64-6F02-4520-AF48-142CF22D69F2}.Release|x64.Build.0 = Release|Any CPU
		{6CBAAA64-6F02-4520-AF48-142CF22D69F2}.Release|x86.ActiveCfg = Release|Any CPU
		{6CBAAA64-6F02-4520-AF48-142CF22D69F2}.Release|x86.Build.0 = Release|Any CPU
		{C68836B7-B1D1-45DA-9834-BB2DA9202E2B}.Debug|Any CPU.ActiveCfg = Debug|Any CPU
		{C68836B7-B1D1-45DA-9834-BB2DA9202E2B}.Debug|Any CPU.Build.0 = Debug|Any CPU
		{C68836B7-B1D1-45DA-9834-BB2DA9202E2B}.Debug|x64.ActiveCfg = Debug|Any CPU
		{C68836B7-B1D1-45DA-9834-BB2DA9202E2B}.Debug|x64.Build.0 = Debug|Any CPU
		{C68836B7-B1D1-45DA-9834-BB2DA9202E2B}.Debug|x86.ActiveCfg = Debug|Any CPU
		{C68836B7-B1D1-45DA-9834-BB2DA9202E2B}.Debug|x86.Build.0 = Debug|Any CPU
		{C68836B7-B1D1-45DA-9834-BB2DA9202E2B}.Release|Any CPU.ActiveCfg = Release|Any CPU
		{C68836B7-B1D1-45DA-9834-BB2DA9202E2B}.Release|Any CPU.Build.0 = Release|Any CPU
		{C68836B7-B1D1-45DA-9834-BB2DA9202E2B}.Release|x64.ActiveCfg = Release|Any CPU
		{C68836B7-B1D1-45DA-9834-BB2DA9202E2B}.Release|x64.Build.0 = Release|Any CPU
		{C68836B7-B1D1-45DA-9834-BB2DA9202E2B}.Release|x86.ActiveCfg = Release|Any CPU
		{C68836B7-B1D1-45DA-9834-BB2DA9202E2B}.Release|x86.Build.0 = Release|Any CPU
		{CBD152A6-C166-4F81-9DC2-CEA140519343}.Debug|Any CPU.ActiveCfg = Debug|Any CPU
		{CBD152A6-C166-4F81-9DC2-CEA140519343}.Debug|Any CPU.Build.0 = Debug|Any CPU
		{CBD152A6-C166-4F81-9DC2-CEA140519343}.Debug|x64.ActiveCfg = Debug|Any CPU
		{CBD152A6-C166-4F81-9DC2-CEA140519343}.Debug|x64.Build.0 = Debug|Any CPU
		{CBD152A6-C166-4F81-9DC2-CEA140519343}.Debug|x86.ActiveCfg = Debug|Any CPU
		{CBD152A6-C166-4F81-9DC2-CEA140519343}.Debug|x86.Build.0 = Debug|Any CPU
		{CBD152A6-C166-4F81-9DC2-CEA140519343}.Release|Any CPU.ActiveCfg = Release|Any CPU
		{CBD152A6-C166-4F81-9DC2-CEA140519343}.Release|Any CPU.Build.0 = Release|Any CPU
		{CBD152A6-C166-4F81-9DC2-CEA140519343}.Release|x64.ActiveCfg = Release|Any CPU
		{CBD152A6-C166-4F81-9DC2-CEA140519343}.Release|x64.Build.0 = Release|Any CPU
		{CBD152A6-C166-4F81-9DC2-CEA140519343}.Release|x86.ActiveCfg = Release|Any CPU
		{CBD152A6-C166-4F81-9DC2-CEA140519343}.Release|x86.Build.0 = Release|Any CPU
		{940E62AC-19D9-4D4A-AC39-AB3EB451E684}.Debug|Any CPU.ActiveCfg = Debug|Any CPU
		{940E62AC-19D9-4D4A-AC39-AB3EB451E684}.Debug|Any CPU.Build.0 = Debug|Any CPU
		{940E62AC-19D9-4D4A-AC39-AB3EB451E684}.Debug|x64.ActiveCfg = Debug|Any CPU
		{940E62AC-19D9-4D4A-AC39-AB3EB451E684}.Debug|x64.Build.0 = Debug|Any CPU
		{940E62AC-19D9-4D4A-AC39-AB3EB451E684}.Debug|x86.ActiveCfg = Debug|Any CPU
		{940E62AC-19D9-4D4A-AC39-AB3EB451E684}.Debug|x86.Build.0 = Debug|Any CPU
		{940E62AC-19D9-4D4A-AC39-AB3EB451E684}.Release|Any CPU.ActiveCfg = Release|Any CPU
		{940E62AC-19D9-4D4A-AC39-AB3EB451E684}.Release|Any CPU.Build.0 = Release|Any CPU
		{940E62AC-19D9-4D4A-AC39-AB3EB451E684}.Release|x64.ActiveCfg = Release|Any CPU
		{940E62AC-19D9-4D4A-AC39-AB3EB451E684}.Release|x64.Build.0 = Release|Any CPU
		{940E62AC-19D9-4D4A-AC39-AB3EB451E684}.Release|x86.ActiveCfg = Release|Any CPU
		{940E62AC-19D9-4D4A-AC39-AB3EB451E684}.Release|x86.Build.0 = Release|Any CPU
		{18CA00BE-4EF3-4BA1-8E91-A2D557987491}.Debug|Any CPU.ActiveCfg = Debug|Any CPU
		{18CA00BE-4EF3-4BA1-8E91-A2D557987491}.Debug|Any CPU.Build.0 = Debug|Any CPU
		{18CA00BE-4EF3-4BA1-8E91-A2D557987491}.Debug|x64.ActiveCfg = Debug|Any CPU
		{18CA00BE-4EF3-4BA1-8E91-A2D557987491}.Debug|x64.Build.0 = Debug|Any CPU
		{18CA00BE-4EF3-4BA1-8E91-A2D557987491}.Debug|x86.ActiveCfg = Debug|Any CPU
		{18CA00BE-4EF3-4BA1-8E91-A2D557987491}.Debug|x86.Build.0 = Debug|Any CPU
		{18CA00BE-4EF3-4BA1-8E91-A2D557987491}.Release|Any CPU.ActiveCfg = Release|Any CPU
		{18CA00BE-4EF3-4BA1-8E91-A2D557987491}.Release|Any CPU.Build.0 = Release|Any CPU
		{18CA00BE-4EF3-4BA1-8E91-A2D557987491}.Release|x64.ActiveCfg = Release|Any CPU
		{18CA00BE-4EF3-4BA1-8E91-A2D557987491}.Release|x64.Build.0 = Release|Any CPU
		{18CA00BE-4EF3-4BA1-8E91-A2D557987491}.Release|x86.ActiveCfg = Release|Any CPU
		{18CA00BE-4EF3-4BA1-8E91-A2D557987491}.Release|x86.Build.0 = Release|Any CPU
		{1BEF7530-058A-4BF7-B65A-49AAD10A60D8}.Debug|Any CPU.ActiveCfg = Debug|Any CPU
		{1BEF7530-058A-4BF7-B65A-49AAD10A60D8}.Debug|Any CPU.Build.0 = Debug|Any CPU
		{1BEF7530-058A-4BF7-B65A-49AAD10A60D8}.Debug|x64.ActiveCfg = Debug|Any CPU
		{1BEF7530-058A-4BF7-B65A-49AAD10A60D8}.Debug|x64.Build.0 = Debug|Any CPU
		{1BEF7530-058A-4BF7-B65A-49AAD10A60D8}.Debug|x86.ActiveCfg = Debug|Any CPU
		{1BEF7530-058A-4BF7-B65A-49AAD10A60D8}.Debug|x86.Build.0 = Debug|Any CPU
		{1BEF7530-058A-4BF7-B65A-49AAD10A60D8}.Release|Any CPU.ActiveCfg = Release|Any CPU
		{1BEF7530-058A-4BF7-B65A-49AAD10A60D8}.Release|Any CPU.Build.0 = Release|Any CPU
		{1BEF7530-058A-4BF7-B65A-49AAD10A60D8}.Release|x64.ActiveCfg = Release|Any CPU
		{1BEF7530-058A-4BF7-B65A-49AAD10A60D8}.Release|x64.Build.0 = Release|Any CPU
		{1BEF7530-058A-4BF7-B65A-49AAD10A60D8}.Release|x86.ActiveCfg = Release|Any CPU
		{1BEF7530-058A-4BF7-B65A-49AAD10A60D8}.Release|x86.Build.0 = Release|Any CPU
		{20CE3A2D-5626-4BC2-B90D-9F0AF9886654}.Debug|Any CPU.ActiveCfg = Debug|Any CPU
		{20CE3A2D-5626-4BC2-B90D-9F0AF9886654}.Debug|Any CPU.Build.0 = Debug|Any CPU
		{20CE3A2D-5626-4BC2-B90D-9F0AF9886654}.Debug|x64.ActiveCfg = Debug|Any CPU
		{20CE3A2D-5626-4BC2-B90D-9F0AF9886654}.Debug|x64.Build.0 = Debug|Any CPU
		{20CE3A2D-5626-4BC2-B90D-9F0AF9886654}.Debug|x86.ActiveCfg = Debug|Any CPU
		{20CE3A2D-5626-4BC2-B90D-9F0AF9886654}.Debug|x86.Build.0 = Debug|Any CPU
		{20CE3A2D-5626-4BC2-B90D-9F0AF9886654}.Release|Any CPU.ActiveCfg = Release|Any CPU
		{20CE3A2D-5626-4BC2-B90D-9F0AF9886654}.Release|Any CPU.Build.0 = Release|Any CPU
		{20CE3A2D-5626-4BC2-B90D-9F0AF9886654}.Release|x64.ActiveCfg = Release|Any CPU
		{20CE3A2D-5626-4BC2-B90D-9F0AF9886654}.Release|x64.Build.0 = Release|Any CPU
		{20CE3A2D-5626-4BC2-B90D-9F0AF9886654}.Release|x86.ActiveCfg = Release|Any CPU
		{20CE3A2D-5626-4BC2-B90D-9F0AF9886654}.Release|x86.Build.0 = Release|Any CPU
	EndGlobalSection
EndGlobal
